
Microsoft Visual Studio Solution File, Format Version 12.00
# Visual Studio Version 17
VisualStudioVersion = 17.12.35527.113 d17.12
MinimumVisualStudioVersion = 10.0.40219.1
Project("{FAE04EC0-301F-11D3-BF4B-00C04F79EFBC}") = "api-intranet-surfland", "api-intranet-surfland\api-intranet-surfland.csproj", "{2617F2AA-FD3B-4BB0-9F81-75F95E68BC7E}"
EndProject
Global
	GlobalSection(SolutionConfigurationPlatforms) = preSolution
		Debug|Any CPU = Debug|Any CPU
		Release|Any CPU = Release|Any CPU
	EndGlobalSection
	GlobalSection(ProjectConfigurationPlatforms) = postSolution
		{2617F2AA-FD3B-4BB0-9F81-75F95E68BC7E}.Debug|Any CPU.ActiveCfg = Debug|Any CPU
		{2617F2AA-FD3B-4BB0-9F81-75F95E68BC7E}.Debug|Any CPU.Build.0 = Debug|Any CPU
		{2617F2AA-FD3B-4BB0-9F81-75F95E68BC7E}.Release|Any CPU.ActiveCfg = Release|Any CPU
		{2617F2AA-FD3B-4BB0-9F81-75F95E68BC7E}.Release|Any CPU.Build.0 = Release|Any CPU
	EndGlobalSection
	GlobalSection(SolutionProperties) = preSolution
		HideSolutionNode = FALSE
	EndGlobalSection
EndGlobal
